
Microsoft Visual Studio Solution File, Format Version 12.00
# Visual Studio Version 16
VisualStudioVersion = 16.0.31205.134
MinimumVisualStudioVersion = 10.0.40219.1
Project("{FAE04EC0-301F-11D3-BF4B-00C04F79EFBC}") = "BirrasAPI", "BirrasAPI\BirrasAPI.csproj", "{FEE2B0BF-E7BC-4235-97AD-F62B39C79E21}"
EndProject
Project("{FAE04EC0-301F-11D3-BF4B-00C04F79EFBC}") = "Database", "Database\Database.csproj", "{3F7E0062-592B-4D73-83AE-7AEC74B96571}"
EndProject
Project("{FAE04EC0-301F-11D3-BF4B-00C04F79EFBC}") = "Business", "Business\Business.csproj", "{B712D851-8FE9-4FBB-BF0A-3EE8842CDC05}"
EndProject
Project("{9A19103F-16F7-4668-BE54-9A1E7A4F7556}") = "Domain", "Domain\Domain.csproj", "{D76DEB7F-A1B4-42C8-BCA9-2E232B38444B}"
EndProject
Project("{FAE04EC0-301F-11D3-BF4B-00C04F79EFBC}") = "Services", "Services\Services.csproj", "{B3815C09-E679-4628-A805-098B1E112089}"
EndProject
Global
	GlobalSection(SolutionConfigurationPlatforms) = preSolution
		Debug|Any CPU = Debug|Any CPU
		Release|Any CPU = Release|Any CPU
	EndGlobalSection
	GlobalSection(ProjectConfigurationPlatforms) = postSolution
		{FEE2B0BF-E7BC-4235-97AD-F62B39C79E21}.Debug|Any CPU.ActiveCfg = Debug|Any CPU
		{FEE2B0BF-E7BC-4235-97AD-F62B39C79E21}.Debug|Any CPU.Build.0 = Debug|Any CPU
		{FEE2B0BF-E7BC-4235-97AD-F62B39C79E21}.Release|Any CPU.ActiveCfg = Release|Any CPU
		{FEE2B0BF-E7BC-4235-97AD-F62B39C79E21}.Release|Any CPU.Build.0 = Release|Any CPU
		{3F7E0062-592B-4D73-83AE-7AEC74B96571}.Debug|Any CPU.ActiveCfg = Debug|Any CPU
		{3F7E0062-592B-4D73-83AE-7AEC74B96571}.Debug|Any CPU.Build.0 = Debug|Any CPU
		{3F7E0062-592B-4D73-83AE-7AEC74B96571}.Release|Any CPU.ActiveCfg = Release|Any CPU
		{3F7E0062-592B-4D73-83AE-7AEC74B96571}.Release|Any CPU.Build.0 = Release|Any CPU
		{B712D851-8FE9-4FBB-BF0A-3EE8842CDC05}.Debug|Any CPU.ActiveCfg = Debug|Any CPU
		{B712D851-8FE9-4FBB-BF0A-3EE8842CDC05}.Debug|Any CPU.Build.0 = Debug|Any CPU
		{B712D851-8FE9-4FBB-BF0A-3EE8842CDC05}.Release|Any CPU.ActiveCfg = Release|Any CPU
		{B712D851-8FE9-4FBB-BF0A-3EE8842CDC05}.Release|Any CPU.Build.0 = Release|Any CPU
		{D76DEB7F-A1B4-42C8-BCA9-2E232B38444B}.Debug|Any CPU.ActiveCfg = Debug|Any CPU
		{D76DEB7F-A1B4-42C8-BCA9-2E232B38444B}.Debug|Any CPU.Build.0 = Debug|Any CPU
		{D76DEB7F-A1B4-42C8-BCA9-2E232B38444B}.Release|Any CPU.ActiveCfg = Release|Any CPU
		{D76DEB7F-A1B4-42C8-BCA9-2E232B38444B}.Release|Any CPU.Build.0 = Release|Any CPU
		{B3815C09-E679-4628-A805-098B1E112089}.Debug|Any CPU.ActiveCfg = Debug|Any CPU
		{B3815C09-E679-4628-A805-098B1E112089}.Debug|Any CPU.Build.0 = Debug|Any CPU
		{B3815C09-E679-4628-A805-098B1E112089}.Release|Any CPU.ActiveCfg = Release|Any CPU
		{B3815C09-E679-4628-A805-098B1E112089}.Release|Any CPU.Build.0 = Release|Any CPU
	EndGlobalSection
	GlobalSection(SolutionProperties) = preSolution
		HideSolutionNode = FALSE
	EndGlobalSection
	GlobalSection(ExtensibilityGlobals) = postSolution
		SolutionGuid = {65EE30DA-FB70-4486-85E7-F275EF5E8FFD}
	EndGlobalSection
EndGlobal
